
Microsoft Visual Studio Solution File, Format Version 12.00
Project("{FAE04EC0-301F-11D3-BF4B-00C04F79EFBC}") = "szyfr-cezara", "szyfr-cezara.csproj", "{B635EB22-812B-47CD-B6C2-31BD3F4F5301}"
EndProject
Global
	GlobalSection(SolutionConfigurationPlatforms) = preSolution
		Debug|Any CPU = Debug|Any CPU
		Release|Any CPU = Release|Any CPU
	EndGlobalSection
	GlobalSection(ProjectConfigurationPlatforms) = postSolution
		{B635EB22-812B-47CD-B6C2-31BD3F4F5301}.Debug|Any CPU.ActiveCfg = Debug|Any CPU
		{B635EB22-812B-47CD-B6C2-31BD3F4F5301}.Debug|Any CPU.Build.0 = Debug|Any CPU
		{B635EB22-812B-47CD-B6C2-31BD3F4F5301}.Release|Any CPU.ActiveCfg = Release|Any CPU
		{B635EB22-812B-47CD-B6C2-31BD3F4F5301}.Release|Any CPU.Build.0 = Release|Any CPU
	EndGlobalSection
EndGlobal
